
Microsoft Visual Studio Solution File, Format Version 12.00
# Visual Studio Version 17
VisualStudioVersion = 17.0.31903.59
MinimumVisualStudioVersion = 10.0.40219.1
Project("{FAE04EC0-301F-11D3-BF4B-00C04F79EFBC}") = "API", "API\API.csproj", "{F621FE1D-6476-4876-923D-7CC581262844}"
EndProject
Project("{FAE04EC0-301F-11D3-BF4B-00C04F79EFBC}") = "Application", "Application\Application.csproj", "{C54EE54A-BDEB-41EE-A004-F6F75A79054F}"
EndProject
Project("{FAE04EC0-301F-11D3-BF4B-00C04F79EFBC}") = "Domain", "Domain\Domain.csproj", "{0909BED3-EF4A-4144-8C21-FF0B687D2C07}"
EndProject
Project("{FAE04EC0-301F-11D3-BF4B-00C04F79EFBC}") = "Persistence", "Persistence\Persistence.csproj", "{C8EFA9B7-37FF-4009-8750-00CCB0296550}"
EndProject
Global
	GlobalSection(SolutionConfigurationPlatforms) = preSolution
		Debug|Any CPU = Debug|Any CPU
		Debug|x64 = Debug|x64
		Debug|x86 = Debug|x86
		Release|Any CPU = Release|Any CPU
		Release|x64 = Release|x64
		Release|x86 = Release|x86
	EndGlobalSection
	GlobalSection(ProjectConfigurationPlatforms) = postSolution
		{F621FE1D-6476-4876-923D-7CC581262844}.Debug|Any CPU.ActiveCfg = Debug|Any CPU
		{F621FE1D-6476-4876-923D-7CC581262844}.Debug|Any CPU.Build.0 = Debug|Any CPU
		{F621FE1D-6476-4876-923D-7CC581262844}.Debug|x64.ActiveCfg = Debug|Any CPU
		{F621FE1D-6476-4876-923D-7CC581262844}.Debug|x64.Build.0 = Debug|Any CPU
		{F621FE1D-6476-4876-923D-7CC581262844}.Debug|x86.ActiveCfg = Debug|Any CPU
		{F621FE1D-6476-4876-923D-7CC581262844}.Debug|x86.Build.0 = Debug|Any CPU
		{F621FE1D-6476-4876-923D-7CC581262844}.Release|Any CPU.ActiveCfg = Release|Any CPU
		{F621FE1D-6476-4876-923D-7CC581262844}.Release|Any CPU.Build.0 = Release|Any CPU
		{F621FE1D-6476-4876-923D-7CC581262844}.Release|x64.ActiveCfg = Release|Any CPU
		{F621FE1D-6476-4876-923D-7CC581262844}.Release|x64.Build.0 = Release|Any CPU
		{F621FE1D-6476-4876-923D-7CC581262844}.Release|x86.ActiveCfg = Release|Any CPU
		{F621FE1D-6476-4876-923D-7CC581262844}.Release|x86.Build.0 = Release|Any CPU
		{C54EE54A-BDEB-41EE-A004-F6F75A79054F}.Debug|Any CPU.ActiveCfg = Debug|Any CPU
		{C54EE54A-BDEB-41EE-A004-F6F75A79054F}.Debug|Any CPU.Build.0 = Debug|Any CPU
		{C54EE54A-BDEB-41EE-A004-F6F75A79054F}.Debug|x64.ActiveCfg = Debug|Any CPU
		{C54EE54A-BDEB-41EE-A004-F6F75A79054F}.Debug|x64.Build.0 = Debug|Any CPU
		{C54EE54A-BDEB-41EE-A004-F6F75A79054F}.Debug|x86.ActiveCfg = Debug|Any CPU
		{C54EE54A-BDEB-41EE-A004-F6F75A79054F}.Debug|x86.Build.0 = Debug|Any CPU
		{C54EE54A-BDEB-41EE-A004-F6F75A79054F}.Release|Any CPU.ActiveCfg = Release|Any CPU
		{C54EE54A-BDEB-41EE-A004-F6F75A79054F}.Release|Any CPU.Build.0 = Release|Any CPU
		{C54EE54A-BDEB-41EE-A004-F6F75A79054F}.Release|x64.ActiveCfg = Release|Any CPU
		{C54EE54A-BDEB-41EE-A004-F6F75A79054F}.Release|x64.Build.0 = Release|Any CPU
		{C54EE54A-BDEB-41EE-A004-F6F75A79054F}.Release|x86.ActiveCfg = Release|Any CPU
		{C54EE54A-BDEB-41EE-A004-F6F75A79054F}.Release|x86.Build.0 = Release|Any CPU
		{0909BED3-EF4A-4144-8C21-FF0B687D2C07}.Debug|Any CPU.ActiveCfg = Debug|Any CPU
		{0909BED3-EF4A-4144-8C21-FF0B687D2C07}.Debug|Any CPU.Build.0 = Debug|Any CPU
		{0909BED3-EF4A-4144-8C21-FF0B687D2C07}.Debug|x64.ActiveCfg = Debug|Any CPU
		{0909BED3-EF4A-4144-8C21-FF0B687D2C07}.Debug|x64.Build.0 = Debug|Any CPU
		{0909BED3-EF4A-4144-8C21-FF0B687D2C07}.Debug|x86.ActiveCfg = Debug|Any CPU
		{0909BED3-EF4A-4144-8C21-FF0B687D2C07}.Debug|x86.Build.0 = Debug|Any CPU
		{0909BED3-EF4A-4144-8C21-FF0B687D2C07}.Release|Any CPU.ActiveCfg = Release|Any CPU
		{0909BED3-EF4A-4144-8C21-FF0B687D2C07}.Release|Any CPU.Build.0 = Release|Any CPU
		{0909BED3-EF4A-4144-8C21-FF0B687D2C07}.Release|x64.ActiveCfg = Release|Any CPU
		{0909BED3-EF4A-4144-8C21-FF0B687D2C07}.Release|x64.Build.0 = Release|Any CPU
		{0909BED3-EF4A-4144-8C21-FF0B687D2C07}.Release|x86.ActiveCfg = Release|Any CPU
		{0909BED3-EF4A-4144-8C21-FF0B687D2C07}.Release|x86.Build.0 = Release|Any CPU
		{C8EFA9B7-37FF-4009-8750-00CCB0296550}.Debug|Any CPU.ActiveCfg = Debug|Any CPU
		{C8EFA9B7-37FF-4009-8750-00CCB0296550}.Debug|Any CPU.Build.0 = Debug|Any CPU
		{C8EFA9B7-37FF-4009-8750-00CCB0296550}.Debug|x64.ActiveCfg = Debug|Any CPU
		{C8EFA9B7-37FF-4009-8750-00CCB0296550}.Debug|x64.Build.0 = Debug|Any CPU
		{C8EFA9B7-37FF-4009-8750-00CCB0296550}.Debug|x86.ActiveCfg = Debug|Any CPU
		{C8EFA9B7-37FF-4009-8750-00CCB0296550}.Debug|x86.Build.0 = Debug|Any CPU
		{C8EFA9B7-37FF-4009-8750-00CCB0296550}.Release|Any CPU.ActiveCfg = Release|Any CPU
		{C8EFA9B7-37FF-4009-8750-00CCB0296550}.Release|Any CPU.Build.0 = Release|Any CPU
		{C8EFA9B7-37FF-4009-8750-00CCB0296550}.Release|x64.ActiveCfg = Release|Any CPU
		{C8EFA9B7-37FF-4009-8750-00CCB0296550}.Release|x64.Build.0 = Release|Any CPU
		{C8EFA9B7-37FF-4009-8750-00CCB0296550}.Release|x86.ActiveCfg = Release|Any CPU
		{C8EFA9B7-37FF-4009-8750-00CCB0296550}.Release|x86.Build.0 = Release|Any CPU
	EndGlobalSection
	GlobalSection(SolutionProperties) = preSolution
		HideSolutionNode = FALSE
	EndGlobalSection
EndGlobal
